// !$*UTF8*$!
{
	archiveVersion = 1;
	classes = {
	};
	objectVersion = 46;
	objects = {

/* Begin PBXBuildFile section */
		C429EE2B1D8103A500B58295 /* JESPullToRefreshTableView.swift in Sources */ = {isa = PBXBuildFile; fileRef = C429EE2A1D8103A500B58295 /* JESPullToRefreshTableView.swift */; };
		C46744391D7EF8F60015554B /* jes_loading_o@2x.png in Resources */ = {isa = PBXBuildFile; fileRef = C46744311D7EF8F60015554B /* jes_loading_o@2x.png */; };
		C467443A1D7EF8F60015554B /* jes_loading_o@3x.png in Resources */ = {isa = PBXBuildFile; fileRef = C46744321D7EF8F60015554B /* jes_loading_o@3x.png */; };
		C467443B1D7EF8F60015554B /* jes_loading_r@2x.png in Resources */ = {isa = PBXBuildFile; fileRef = C46744331D7EF8F60015554B /* jes_loading_r@2x.png */; };
		C467443C1D7EF8F60015554B /* jes_loading_r@3x.png in Resources */ = {isa = PBXBuildFile; fileRef = C46744341D7EF8F60015554B /* jes_loading_r@3x.png */; };
		C467443D1D7EF8F60015554B /* jes_loading_t@2x.png in Resources */ = {isa = PBXBuildFile; fileRef = C46744351D7EF8F60015554B /* jes_loading_t@2x.png */; };
		C467443E1D7EF8F60015554B /* jes_loading_t@3x.png in Resources */ = {isa = PBXBuildFile; fileRef = C46744361D7EF8F60015554B /* jes_loading_t@3x.png */; };
		C467443F1D7EF8F60015554B /* jes_loading_x@2x.png in Resources */ = {isa = PBXBuildFile; fileRef = C46744371D7EF8F60015554B /* jes_loading_x@2x.png */; };
		C46744401D7EF8F60015554B /* jes_loading_x@3x.png in Resources */ = {isa = PBXBuildFile; fileRef = C46744381D7EF8F60015554B /* jes_loading_x@3x.png */; };
		C4727EA31D7D6F88007C03C0 /* JESRefreshView.swift in Sources */ = {isa = PBXBuildFile; fileRef = C4727EA21D7D6F88007C03C0 /* JESRefreshView.swift */; };
		C4727EA51D7DB4DD007C03C0 /* JESRefreshIcon.swift in Sources */ = {isa = PBXBuildFile; fileRef = C4727EA41D7DB4DD007C03C0 /* JESRefreshIcon.swift */; };
		C4727EA81D7DB630007C03C0 /* jes_loading_shadow@2x.png in Resources */ = {isa = PBXBuildFile; fileRef = C4727EA61D7DB630007C03C0 /* jes_loading_shadow@2x.png */; };
		C4727EA91D7DB630007C03C0 /* jes_loading_shadow@3x.png in Resources */ = {isa = PBXBuildFile; fileRef = C4727EA71D7DB630007C03C0 /* jes_loading_shadow@3x.png */; };
		C477099C1D631EC20085022C /* AppDelegate.swift in Sources */ = {isa = PBXBuildFile; fileRef = C477099B1D631EC20085022C /* AppDelegate.swift */; };
		C477099E1D631EC20085022C /* ViewController.swift in Sources */ = {isa = PBXBuildFile; fileRef = C477099D1D631EC20085022C /* ViewController.swift */; };
		C47709A11D631EC20085022C /* Main.storyboard in Resources */ = {isa = PBXBuildFile; fileRef = C477099F1D631EC20085022C /* Main.storyboard */; };
		C47709A31D631EC20085022C /* Assets.xcassets in Resources */ = {isa = PBXBuildFile; fileRef = C47709A21D631EC20085022C /* Assets.xcassets */; };
		C47709A61D631EC20085022C /* LaunchScreen.storyboard in Resources */ = {isa = PBXBuildFile; fileRef = C47709A41D631EC20085022C /* LaunchScreen.storyboard */; };
		C49659A11D63521B00E952DE /* JESPullToRefreshConstants.swift in Sources */ = {isa = PBXBuildFile; fileRef = C49659A01D63521B00E952DE /* JESPullToRefreshConstants.swift */; };
		C49659A31D63535C00E952DE /* JESPullToRefreshExtensions.swift in Sources */ = {isa = PBXBuildFile; fileRef = C49659A21D63535C00E952DE /* JESPullToRefreshExtensions.swift */; };
		C49659A51D63588F00E952DE /* JESPullToRefreshLoadingView.swift in Sources */ = {isa = PBXBuildFile; fileRef = C49659A41D63588F00E952DE /* JESPullToRefreshLoadingView.swift */; };
		C49659A71D63598500E952DE /* JESPullToRefreshView.swift in Sources */ = {isa = PBXBuildFile; fileRef = C49659A61D63598500E952DE /* JESPullToRefreshView.swift */; };
		C49659A91D635AF900E952DE /* JESPullToRefreshLoadingViewCircle.swift in Sources */ = {isa = PBXBuildFile; fileRef = C49659A81D635AF900E952DE /* JESPullToRefreshLoadingViewCircle.swift */; };
/* End PBXBuildFile section */

/* Begin PBXFileReference section */
		C429EE2A1D8103A500B58295 /* JESPullToRefreshTableView.swift */ = {isa = PBXFileReference; fileEncoding = 4; lastKnownFileType = sourcecode.swift; path = JESPullToRefreshTableView.swift; sourceTree = "<group>"; };
		C46744311D7EF8F60015554B /* jes_loading_o@2x.png */ = {isa = PBXFileReference; lastKnownFileType = image.png; path = "jes_loading_o@2x.png"; sourceTree = "<group>"; };
		C46744321D7EF8F60015554B /* jes_loading_o@3x.png */ = {isa = PBXFileReference; lastKnownFileType = image.png; path = "jes_loading_o@3x.png"; sourceTree = "<group>"; };
		C46744331D7EF8F60015554B /* jes_loading_r@2x.png */ = {isa = PBXFileReference; lastKnownFileType = image.png; path = "jes_loading_r@2x.png"; sourceTree = "<group>"; };
		C46744341D7EF8F60015554B /* jes_loading_r@3x.png */ = {isa = PBXFileReference; lastKnownFileType = image.png; path = "jes_loading_r@3x.png"; sourceTree = "<group>"; };
		C46744351D7EF8F60015554B /* jes_loading_t@2x.png */ = {isa = PBXFileReference; lastKnownFileType = image.png; path = "jes_loading_t@2x.png"; sourceTree = "<group>"; };
		C46744361D7EF8F60015554B /* jes_loading_t@3x.png */ = {isa = PBXFileReference; lastKnownFileType = image.png; path = "jes_loading_t@3x.png"; sourceTree = "<group>"; };
		C46744371D7EF8F60015554B /* jes_loading_x@2x.png */ = {isa = PBXFileReference; lastKnownFileType = image.png; path = "jes_loading_x@2x.png"; sourceTree = "<group>"; };
		C46744381D7EF8F60015554B /* jes_loading_x@3x.png */ = {isa = PBXFileReference; lastKnownFileType = image.png; path = "jes_loading_x@3x.png"; sourceTree = "<group>"; };
		C4727EA21D7D6F88007C03C0 /* JESRefreshView.swift */ = {isa = PBXFileReference; fileEncoding = 4; lastKnownFileType = sourcecode.swift; path = JESRefreshView.swift; sourceTree = "<group>"; };
		C4727EA41D7DB4DD007C03C0 /* JESRefreshIcon.swift */ = {isa = PBXFileReference; fileEncoding = 4; lastKnownFileType = sourcecode.swift; path = JESRefreshIcon.swift; sourceTree = "<group>"; };
		C4727EA61D7DB630007C03C0 /* jes_loading_shadow@2x.png */ = {isa = PBXFileReference; lastKnownFileType = image.png; path = "jes_loading_shadow@2x.png"; sourceTree = "<group>"; };
		C4727EA71D7DB630007C03C0 /* jes_loading_shadow@3x.png */ = {isa = PBXFileReference; lastKnownFileType = image.png; path = "jes_loading_shadow@3x.png"; sourceTree = "<group>"; };
		C47709981D631EC20085022C /* JESPullToRefresh.app */ = {isa = PBXFileReference; explicitFileType = wrapper.application; includeInIndex = 0; path = JESPullToRefresh.app; sourceTree = BUILT_PRODUCTS_DIR; };
		C477099B1D631EC20085022C /* AppDelegate.swift */ = {isa = PBXFileReference; lastKnownFileType = sourcecode.swift; path = AppDelegate.swift; sourceTree = "<group>"; };
		C477099D1D631EC20085022C /* ViewController.swift */ = {isa = PBXFileReference; lastKnownFileType = sourcecode.swift; path = ViewController.swift; sourceTree = "<group>"; };
		C47709A01D631EC20085022C /* Base */ = {isa = PBXFileReference; lastKnownFileType = file.storyboard; name = Base; path = Base.lproj/Main.storyboard; sourceTree = "<group>"; };
		C47709A21D631EC20085022C /* Assets.xcassets */ = {isa = PBXFileReference; lastKnownFileType = folder.assetcatalog; path = Assets.xcassets; sourceTree = "<group>"; };
		C47709A51D631EC20085022C /* Base */ = {isa = PBXFileReference; lastKnownFileType = file.storyboard; name = Base; path = Base.lproj/LaunchScreen.storyboard; sourceTree = "<group>"; };
		C47709A71D631EC20085022C /* Info.plist */ = {isa = PBXFileReference; lastKnownFileType = text.plist.xml; path = Info.plist; sourceTree = "<group>"; };
		C49659A01D63521B00E952DE /* JESPullToRefreshConstants.swift */ = {isa = PBXFileReference; fileEncoding = 4; lastKnownFileType = sourcecode.swift; path = JESPullToRefreshConstants.swift; sourceTree = "<group>"; };
		C49659A21D63535C00E952DE /* JESPullToRefreshExtensions.swift */ = {isa = PBXFileReference; fileEncoding = 4; lastKnownFileType = sourcecode.swift; path = JESPullToRefreshExtensions.swift; sourceTree = "<group>"; };
		C49659A41D63588F00E952DE /* JESPullToRefreshLoadingView.swift */ = {isa = PBXFileReference; fileEncoding = 4; lastKnownFileType = sourcecode.swift; path = JESPullToRefreshLoadingView.swift; sourceTree = "<group>"; };
		C49659A61D63598500E952DE /* JESPullToRefreshView.swift */ = {isa = PBXFileReference; fileEncoding = 4; lastKnownFileType = sourcecode.swift; path = JESPullToRefreshView.swift; sourceTree = "<group>"; };
		C49659A81D635AF900E952DE /* JESPullToRefreshLoadingViewCircle.swift */ = {isa = PBXFileReference; fileEncoding = 4; lastKnownFileType = sourcecode.swift; path = JESPullToRefreshLoadingViewCircle.swift; sourceTree = "<group>"; };
/* End PBXFileReference section */

/* Begin PBXFrameworksBuildPhase section */
		C47709951D631EC20085022C /* Frameworks */ = {
			isa = PBXFrameworksBuildPhase;
			buildActionMask = 2147483647;
			files = (
			);
			runOnlyForDeploymentPostprocessing = 0;
		};
/* End PBXFrameworksBuildPhase section */

/* Begin PBXGroup section */
		C4727E941D7D6F20007C03C0 /* JESRefreshView */ = {
			isa = PBXGroup;
			children = (
				C4727E951D7D6F7D007C03C0 /* Resource */,
				C4727EA21D7D6F88007C03C0 /* JESRefreshView.swift */,
				C4727EA41D7DB4DD007C03C0 /* JESRefreshIcon.swift */,
			);
			path = JESRefreshView;
			sourceTree = "<group>";
		};
		C4727E951D7D6F7D007C03C0 /* Resource */ = {
			isa = PBXGroup;
			children = (
				C46744311D7EF8F60015554B /* jes_loading_o@2x.png */,
				C46744321D7EF8F60015554B /* jes_loading_o@3x.png */,
				C46744331D7EF8F60015554B /* jes_loading_r@2x.png */,
				C46744341D7EF8F60015554B /* jes_loading_r@3x.png */,
				C46744351D7EF8F60015554B /* jes_loading_t@2x.png */,
				C46744361D7EF8F60015554B /* jes_loading_t@3x.png */,
				C46744371D7EF8F60015554B /* jes_loading_x@2x.png */,
				C46744381D7EF8F60015554B /* jes_loading_x@3x.png */,
				C4727EA61D7DB630007C03C0 /* jes_loading_shadow@2x.png */,
				C4727EA71D7DB630007C03C0 /* jes_loading_shadow@3x.png */,
			);
			path = Resource;
			sourceTree = "<group>";
		};
		C477098F1D631EC20085022C = {
			isa = PBXGroup;
			children = (
				C477099A1D631EC20085022C /* JESPullToRefresh */,
				C47709991D631EC20085022C /* Products */,
			);
			sourceTree = "<group>";
		};
		C47709991D631EC20085022C /* Products */ = {
			isa = PBXGroup;
			children = (
				C47709981D631EC20085022C /* JESPullToRefresh.app */,
			);
			name = Products;
			sourceTree = "<group>";
		};
		C477099A1D631EC20085022C /* JESPullToRefresh */ = {
			isa = PBXGroup;
			children = (
				C4727E941D7D6F20007C03C0 /* JESRefreshView */,
				C496599F1D6351FC00E952DE /* JESPullToRefresh */,
				C477099B1D631EC20085022C /* AppDelegate.swift */,
				C477099D1D631EC20085022C /* ViewController.swift */,
				C477099F1D631EC20085022C /* Main.storyboard */,
				C47709A21D631EC20085022C /* Assets.xcassets */,
				C47709A41D631EC20085022C /* LaunchScreen.storyboard */,
				C47709A71D631EC20085022C /* Info.plist */,
			);
			path = JESPullToRefresh;
			sourceTree = "<group>";
		};
		C496599F1D6351FC00E952DE /* JESPullToRefresh */ = {
			isa = PBXGroup;
			children = (
				C49659A01D63521B00E952DE /* JESPullToRefreshConstants.swift */,
				C49659A21D63535C00E952DE /* JESPullToRefreshExtensions.swift */,
				C49659A41D63588F00E952DE /* JESPullToRefreshLoadingView.swift */,
				C49659A61D63598500E952DE /* JESPullToRefreshView.swift */,
				C49659A81D635AF900E952DE /* JESPullToRefreshLoadingViewCircle.swift */,
				C429EE2A1D8103A500B58295 /* JESPullToRefreshTableView.swift */,
			);
			path = JESPullToRefresh;
			sourceTree = "<group>";
		};
/* End PBXGroup section */

/* Begin PBXNativeTarget section */
		C47709971D631EC20085022C /* JESPullToRefresh */ = {
			isa = PBXNativeTarget;
			buildConfigurationList = C47709AA1D631EC20085022C /* Build configuration list for PBXNativeTarget "JESPullToRefresh" */;
			buildPhases = (
				C47709941D631EC20085022C /* Sources */,
				C47709951D631EC20085022C /* Frameworks */,
				C47709961D631EC20085022C /* Resources */,
			);
			buildRules = (
			);
			dependencies = (
			);
			name = JESPullToRefresh;
			productName = JESPullToRefresh;
			productReference = C47709981D631EC20085022C /* JESPullToRefresh.app */;
			productType = "com.apple.product-type.application";
		};
/* End PBXNativeTarget section */

/* Begin PBXProject section */
		C47709901D631EC20085022C /* Project object */ = {
			isa = PBXProject;
			attributes = {
				LastSwiftUpdateCheck = 0730;
				LastUpgradeCheck = 0800;
				ORGANIZATIONNAME = jerryshi;
				TargetAttributes = {
					C47709971D631EC20085022C = {
						CreatedOnToolsVersion = 7.3.1;
						LastSwiftMigration = 0800;
						ProvisioningStyle = Manual;
					};
				};
			};
			buildConfigurationList = C47709931D631EC20085022C /* Build configuration list for PBXProject "JESPullToRefresh" */;
			compatibilityVersion = "Xcode 3.2";
			developmentRegion = English;
			hasScannedForEncodings = 0;
			knownRegions = (
				en,
				Base,
			);
			mainGroup = C477098F1D631EC20085022C;
			productRefGroup = C47709991D631EC20085022C /* Products */;
			projectDirPath = "";
			projectRoot = "";
			targets = (
				C47709971D631EC20085022C /* JESPullToRefresh */,
			);
		};
/* End PBXProject section */

/* Begin PBXResourcesBuildPhase section */
		C47709961D631EC20085022C /* Resources */ = {
			isa = PBXResourcesBuildPhase;
			buildActionMask = 2147483647;
			files = (
				C4727EA81D7DB630007C03C0 /* jes_loading_shadow@2x.png in Resources */,
				C467443D1D7EF8F60015554B /* jes_loading_t@2x.png in Resources */,
				C467443B1D7EF8F60015554B /* jes_loading_r@2x.png in Resources */,
				C467443F1D7EF8F60015554B /* jes_loading_x@2x.png in Resources */,
				C46744401D7EF8F60015554B /* jes_loading_x@3x.png in Resources */,
				C47709A61D631EC20085022C /* LaunchScreen.storyboard in Resources */,
				C467443A1D7EF8F60015554B /* jes_loading_o@3x.png in Resources */,
				C467443C1D7EF8F60015554B /* jes_loading_r@3x.png in Resources */,
				C4727EA91D7DB630007C03C0 /* jes_loading_shadow@3x.png in Resources */,
				C47709A31D631EC20085022C /* Assets.xcassets in Resources */,
				C46744391D7EF8F60015554B /* jes_loading_o@2x.png in Resources */,
				C47709A11D631EC20085022C /* Main.storyboard in Resources */,
				C467443E1D7EF8F60015554B /* jes_loading_t@3x.png in Resources */,
			);
			runOnlyForDeploymentPostprocessing = 0;
		};
/* End PBXResourcesBuildPhase section */

/* Begin PBXSourcesBuildPhase section */
		C47709941D631EC20085022C /* Sources */ = {
			isa = PBXSourcesBuildPhase;
			buildActionMask = 2147483647;
			files = (
				C49659A31D63535C00E952DE /* JESPullToRefreshExtensions.swift in Sources */,
				C49659A91D635AF900E952DE /* JESPullToRefreshLoadingViewCircle.swift in Sources */,
				C4727EA51D7DB4DD007C03C0 /* JESRefreshIcon.swift in Sources */,
				C477099E1D631EC20085022C /* ViewController.swift in Sources */,
				C49659A51D63588F00E952DE /* JESPullToRefreshLoadingView.swift in Sources */,
				C49659A11D63521B00E952DE /* JESPullToRefreshConstants.swift in Sources */,
				C477099C1D631EC20085022C /* AppDelegate.swift in Sources */,
				C4727EA31D7D6F88007C03C0 /* JESRefreshView.swift in Sources */,
				C429EE2B1D8103A500B58295 /* JESPullToRefreshTableView.swift in Sources */,
				C49659A71D63598500E952DE /* JESPullToRefreshView.swift in Sources */,
			);
			runOnlyForDeploymentPostprocessing = 0;
		};
/* End PBXSourcesBuildPhase section */

/* Begin PBXVariantGroup section */
		C477099F1D631EC20085022C /* Main.storyboard */ = {
			isa = PBXVariantGroup;
			children = (
				C47709A01D631EC20085022C /* Base */,
			);
			name = Main.storyboard;
			sourceTree = "<group>";
		};
		C47709A41D631EC20085022C /* LaunchScreen.storyboard */ = {
			isa = PBXVariantGroup;
			children = (
				C47709A51D631EC20085022C /* Base */,
			);
			name = LaunchScreen.storyboard;
			sourceTree = "<group>";
		};
/* End PBXVariantGroup section */

/* Begin XCBuildConfiguration section */
		C47709A81D631EC20085022C /* Debug */ = {
			isa = XCBuildConfiguration;
			buildSettings = {
				ALWAYS_SEARCH_USER_PATHS = NO;
				CLANG_ANALYZER_NONNULL = YES;
				CLANG_CXX_LANGUAGE_STANDARD = "gnu++0x";
				CLANG_CXX_LIBRARY = "libc++";
				CLANG_ENABLE_MODULES = YES;
				CLANG_ENABLE_OBJC_ARC = YES;
				CLANG_WARN_BOOL_CONVERSION = YES;
				CLANG_WARN_CONSTANT_CONVERSION = YES;
				CLANG_WARN_DIRECT_OBJC_ISA_USAGE = YES_ERROR;
				CLANG_WARN_EMPTY_BODY = YES;
				CLANG_WARN_ENUM_CONVERSION = YES;
				CLANG_WARN_INFINITE_RECURSION = YES;
				CLANG_WARN_INT_CONVERSION = YES;
				CLANG_WARN_OBJC_ROOT_CLASS = YES_ERROR;
				CLANG_WARN_SUSPICIOUS_MOVE = YES;
				CLANG_WARN_UNREACHABLE_CODE = YES;
				CLANG_WARN__DUPLICATE_METHOD_MATCH = YES;
				"CODE_SIGN_IDENTITY[sdk=iphoneos*]" = "iPhone Developer";
				COPY_PHASE_STRIP = NO;
				DEBUG_INFORMATION_FORMAT = dwarf;
				ENABLE_STRICT_OBJC_MSGSEND = YES;
				ENABLE_TESTABILITY = YES;
				GCC_C_LANGUAGE_STANDARD = gnu99;
				GCC_DYNAMIC_NO_PIC = NO;
				GCC_NO_COMMON_BLOCKS = YES;
				GCC_OPTIMIZATION_LEVEL = 0;
				GCC_PREPROCESSOR_DEFINITIONS = (
					"DEBUG=1",
					"$(inherited)",
				);
				GCC_WARN_64_TO_32_BIT_CONVERSION = YES;
				GCC_WARN_ABOUT_RETURN_TYPE = YES_ERROR;
				GCC_WARN_UNDECLARED_SELECTOR = YES;
				GCC_WARN_UNINITIALIZED_AUTOS = YES_AGGRESSIVE;
				GCC_WARN_UNUSED_FUNCTION = YES;
				GCC_WARN_UNUSED_VARIABLE = YES;
				IPHONEOS_DEPLOYMENT_TARGET = 9.3;
				MTL_ENABLE_DEBUG_INFO = YES;
				ONLY_ACTIVE_ARCH = YES;
				SDKROOT = iphoneos;
				SWIFT_OPTIMIZATION_LEVEL = "-Onone";
				SWIFT_VERSION = 3.0;
			};
			name = Debug;
		};
		C47709A91D631EC20085022C /* Release */ = {
			isa = XCBuildConfiguration;
			buildSettings = {
				ALWAYS_SEARCH_USER_PATHS = NO;
				CLANG_ANALYZER_NONNULL = YES;
				CLANG_CXX_LANGUAGE_STANDARD = "gnu++0x";
				CLANG_CXX_LIBRARY = "libc++";
				CLANG_ENABLE_MODULES = YES;
				CLANG_ENABLE_OBJC_ARC = YES;
				CLANG_WARN_BOOL_CONVERSION = YES;
				CLANG_WARN_CONSTANT_CONVERSION = YES;
				CLANG_WARN_DIRECT_OBJC_ISA_USAGE = YES_ERROR;
				CLANG_WARN_EMPTY_BODY = YES;
				CLANG_WARN_ENUM_CONVERSION = YES;
				CLANG_WARN_INFINITE_RECURSION = YES;
				CLANG_WARN_INT_CONVERSION = YES;
				CLANG_WARN_OBJC_ROOT_CLASS = YES_ERROR;
				CLANG_WARN_SUSPICIOUS_MOVE = YES;
				CLANG_WARN_UNREACHABLE_CODE = YES;
				CLANG_WARN__DUPLICATE_METHOD_MATCH = YES;
				"CODE_SIGN_IDENTITY[sdk=iphoneos*]" = "iPhone Developer";
				COPY_PHASE_STRIP = NO;
				DEBUG_INFORMATION_FORMAT = "dwarf-with-dsym";
				ENABLE_NS_ASSERTIONS = NO;
				ENABLE_STRICT_OBJC_MSGSEND = YES;
				GCC_C_LANGUAGE_STANDARD = gnu99;
				GCC_NO_COMMON_BLOCKS = YES;
				GCC_WARN_64_TO_32_BIT_CONVERSION = YES;
				GCC_WARN_ABOUT_RETURN_TYPE = YES_ERROR;
				GCC_WARN_UNDECLARED_SELECTOR = YES;
				GCC_WARN_UNINITIALIZED_AUTOS = YES_AGGRESSIVE;
				GCC_WARN_UNUSED_FUNCTION = YES;
				GCC_WARN_UNUSED_VARIABLE = YES;
				IPHONEOS_DEPLOYMENT_TARGET = 9.3;
				MTL_ENABLE_DEBUG_INFO = NO;
				SDKROOT = iphoneos;
				SWIFT_OPTIMIZATION_LEVEL = "-Owholemodule";
				SWIFT_VERSION = 3.0;
				VALIDATE_PRODUCT = YES;
			};
			name = Release;
		};
		C47709AB1D631EC20085022C /* Debug */ = {
			isa = XCBuildConfiguration;
			buildSettings = {
				ASSETCATALOG_COMPILER_APPICON_NAME = AppIcon;
				CODE_SIGN_IDENTITY = "";
				"CODE_SIGN_IDENTITY[sdk=iphoneos*]" = "iPhone Developer";
				DEVELOPMENT_TEAM = "";
				INFOPLIST_FILE = JESPullToRefresh/Info.plist;
				IPHONEOS_DEPLOYMENT_TARGET = 10.0;
				LD_RUNPATH_SEARCH_PATHS = "$(inherited) @executable_path/Frameworks";
				PRODUCT_BUNDLE_IDENTIFIER = com.jes.JESPullToRefresh;
				PRODUCT_NAME = "$(TARGET_NAME)";
				PROVISIONING_PROFILE = "";
				PROVISIONING_PROFILE_SPECIFIER = "";
				SWIFT_VERSION = 3.0;
			};
			name = Debug;
		};
		C47709AC1D631EC20085022C /* Release */ = {
			isa = XCBuildConfiguration;
			buildSettings = {
				ASSETCATALOG_COMPILER_APPICON_NAME = AppIcon;
				CODE_SIGN_IDENTITY = "";
				"CODE_SIGN_IDENTITY[sdk=iphoneos*]" = "iPhone Developer";
				DEVELOPMENT_TEAM = "";
				INFOPLIST_FILE = JESPullToRefresh/Info.plist;
				IPHONEOS_DEPLOYMENT_TARGET = 10.0;
				LD_RUNPATH_SEARCH_PATHS = "$(inherited) @executable_path/Frameworks";
				PRODUCT_BUNDLE_IDENTIFIER = com.jes.JESPullToRefresh;
				PRODUCT_NAME = "$(TARGET_NAME)";
				SWIFT_VERSION = 3.0;
			};
			name = Release;
		};
/* End XCBuildConfiguration section */

/* Begin XCConfigurationList section */
		C47709931D631EC20085022C /* Build configuration list for PBXProject "JESPullToRefresh" */ = {
			isa = XCConfigurationList;
			buildConfigurations = (
				C47709A81D631EC20085022C /* Debug */,
				C47709A91D631EC20085022C /* Release */,
			);
			defaultConfigurationIsVisible = 0;
			defaultConfigurationName = Release;
		};
		C47709AA1D631EC20085022C /* Build configuration list for PBXNativeTarget "JESPullToRefresh" */ = {
			isa = XCConfigurationList;
			buildConfigurations = (
				C47709AB1D631EC20085022C /* Debug */,
				C47709AC1D631EC20085022C /* Release */,
			);
			defaultConfigurationIsVisible = 0;
			defaultConfigurationName = Release;
		};
/* End XCConfigurationList section */
	};
	rootObject = C47709901D631EC20085022C /* Project object */;
}
